
Microsoft Visual Studio Solution File, Format Version 12.00
# Visual Studio Version 17
VisualStudioVersion = 17.4.33213.308
MinimumVisualStudioVersion = 10.0.40219.1
Project("{FAE04EC0-301F-11D3-BF4B-00C04F79EFBC}") = "Crawler", "Crawler\Crawler.csproj", "{E49996EE-3ED3-4817-A44C-2777D1130608}"
EndProject
Global
	GlobalSection(SolutionConfigurationPlatforms) = preSolution
		Debug|Any CPU = Debug|Any CPU
		Release|Any CPU = Release|Any CPU
	EndGlobalSection
	GlobalSection(ProjectConfigurationPlatforms) = postSolution
		{E49996EE-3ED3-4817-A44C-2777D1130608}.Debug|Any CPU.ActiveCfg = Debug|Any CPU
		{E49996EE-3ED3-4817-A44C-2777D1130608}.Debug|Any CPU.Build.0 = Debug|Any CPU
		{E49996EE-3ED3-4817-A44C-2777D1130608}.Release|Any CPU.ActiveCfg = Release|Any CPU
		{E49996EE-3ED3-4817-A44C-2777D1130608}.Release|Any CPU.Build.0 = Release|Any CPU
	EndGlobalSection
	GlobalSection(SolutionProperties) = preSolution
		HideSolutionNode = FALSE
	EndGlobalSection
	GlobalSection(ExtensibilityGlobals) = postSolution
		SolutionGuid = {D6A0DBEB-8123-42F2-A1F2-C01E65E66834}
	EndGlobalSection
EndGlobal
