
Microsoft Visual Studio Solution File, Format Version 12.00
# Visual Studio Version 17
VisualStudioVersion = 17.4.33213.308
MinimumVisualStudioVersion = 10.0.40219.1
Project("{FAE04EC0-301F-11D3-BF4B-00C04F79EFBC}") = "Animals", "Animals.csproj", "{ADF42D4B-8FBF-4880-B45B-C15D015461C2}"
EndProject
Global
	GlobalSection(SolutionConfigurationPlatforms) = preSolution
		Debug|Any CPU = Debug|Any CPU
		Release|Any CPU = Release|Any CPU
	EndGlobalSection
	GlobalSection(ProjectConfigurationPlatforms) = postSolution
		{ADF42D4B-8FBF-4880-B45B-C15D015461C2}.Debug|Any CPU.ActiveCfg = Debug|Any CPU
		{ADF42D4B-8FBF-4880-B45B-C15D015461C2}.Debug|Any CPU.Build.0 = Debug|Any CPU
		{ADF42D4B-8FBF-4880-B45B-C15D015461C2}.Release|Any CPU.ActiveCfg = Release|Any CPU
		{ADF42D4B-8FBF-4880-B45B-C15D015461C2}.Release|Any CPU.Build.0 = Release|Any CPU
	EndGlobalSection
	GlobalSection(SolutionProperties) = preSolution
		HideSolutionNode = FALSE
	EndGlobalSection
	GlobalSection(ExtensibilityGlobals) = postSolution
		SolutionGuid = {F45B6DB4-1FEF-4135-B1B0-BC18A249F0AE}
	EndGlobalSection
EndGlobal
