
Microsoft Visual Studio Solution File, Format Version 12.00
# Visual Studio Version 17
VisualStudioVersion = 17.4.33213.308
MinimumVisualStudioVersion = 10.0.40219.1
Project("{FAE04EC0-301F-11D3-BF4B-00C04F79EFBC}") = "Strazacy", "Strazacy.csproj", "{EE431BBF-2D91-4DAC-BFF1-13B6704DE37E}"
EndProject
Global
	GlobalSection(SolutionConfigurationPlatforms) = preSolution
		Debug|Any CPU = Debug|Any CPU
		Release|Any CPU = Release|Any CPU
	EndGlobalSection
	GlobalSection(ProjectConfigurationPlatforms) = postSolution
		{EE431BBF-2D91-4DAC-BFF1-13B6704DE37E}.Debug|Any CPU.ActiveCfg = Debug|Any CPU
		{EE431BBF-2D91-4DAC-BFF1-13B6704DE37E}.Debug|Any CPU.Build.0 = Debug|Any CPU
		{EE431BBF-2D91-4DAC-BFF1-13B6704DE37E}.Release|Any CPU.ActiveCfg = Release|Any CPU
		{EE431BBF-2D91-4DAC-BFF1-13B6704DE37E}.Release|Any CPU.Build.0 = Release|Any CPU
	EndGlobalSection
	GlobalSection(SolutionProperties) = preSolution
		HideSolutionNode = FALSE
	EndGlobalSection
	GlobalSection(ExtensibilityGlobals) = postSolution
		SolutionGuid = {79390D2D-F8E2-4946-B3BB-337FD3B33030}
	EndGlobalSection
EndGlobal
